Microsoft Visual Studio Solution File, Format Version 11.00
# Visual Studio 2010
Project("{8BC9CEB8-8B4A-11D0-8D11-00A0C91BC942}") = "XR_3DA", "XR_3DA.vcxproj", "{2578C6D8-660D-48AE-9322-7422F8664F06}"
EndProject
Project("{8BC9CEB8-8B4A-11D0-8D11-00A0C91BC942}") = "xrCPU_Pipe", "xrCPU_Pipe\xrCPU_Pipe.vcxproj", "{CA0649DD-D089-423A-981C-46B57A884EB9}"
EndProject
Project("{8BC9CEB8-8B4A-11D0-8D11-00A0C91BC942}") = "xrGame", "xrGame\xrGame.vcxproj", "{A15B9EF4-D198-45DE-8836-C736D09FF389}"
EndProject
Project("{8BC9CEB8-8B4A-11D0-8D11-00A0C91BC942}") = "xrSound", "..\xrSound\xrSound.vcxproj", "{CCCA7859-EB86-493E-9B53-C4235F45B3C5}"
EndProject
Project("{8BC9CEB8-8B4A-11D0-8D11-00A0C91BC942}") = "xrCore", "..\xrCore\xrCore.vcxproj", "{A0F7D1FB-59A7-4717-A7E4-96F37E91998E}"
EndProject
Project("{8BC9CEB8-8B4A-11D0-8D11-00A0C91BC942}") = "xrCDB", "..\xrCDB\xrCDB.vcxproj", "{A19B1DF2-82EC-4364-8BDF-85D13A1C89B5}"
EndProject
Project("{8BC9CEB8-8B4A-11D0-8D11-00A0C91BC942}") = "xrRender_R1", "xrRender_R1\xrRender_R1.vcxproj", "{57A498C9-A741-4DDF-8EFC-BFB9EB6B00E2}"
EndProject
Project("{8BC9CEB8-8B4A-11D0-8D11-00A0C91BC942}") = "xrRender_R2", "xrRender_R2\xrRender_R2.vcxproj", "{963BA4E5-499A-454D-B002-1D5ECE0527A6}"
EndProject
Project("{8BC9CEB8-8B4A-11D0-8D11-00A0C91BC942}") = "xrXMLParser", "..\xrXMLParser\xrXMLParser.vcxproj", "{94A1C366-3D19-48E6-8170-4ADC2E70DF98}"
EndProject
Project("{8BC9CEB8-8B4A-11D0-8D11-00A0C91BC942}") = "ode", "..\xrODE\contrib\msvc7\ode_default\default.vcxproj", "{1BF75FEB-87DD-486C-880B-227987D191C2}"
EndProject
Project("{8BC9CEB8-8B4A-11D0-8D11-00A0C91BC942}") = "xrParticles", "..\xrParticles\xrParticles.vcxproj", "{94A1C366-3D19-48E6-8170-4ADC2E70DF97}"
EndProject
Project("{8BC9CEB8-8B4A-11D0-8D11-00A0C91BC942}") = "xrNetServer", "..\xrNetServer\xrNetServer.vcxproj", "{435BAC9A-B225-457D-AB40-C9BD0CC8838C}"
EndProject
Project("{8BC9CEB8-8B4A-11D0-8D11-00A0C91BC942}") = "xrSE_Factory", "..\xrSE_Factory\xrSE_Factory.vcxproj", "{3AD26FD3-4F52-4E22-A4CF-AD4C49E74C61}"
EndProject
Project("{8BC9CEB8-8B4A-11D0-8D11-00A0C91BC942}") = "xrCompress", "..\xrCompress\xrCompress.vcxproj", "{EF76867B-6EB8-4DC0-A1D6-E964FAD6FC7B}"
EndProject
Project("{8BC9CEB8-8B4A-11D0-8D11-00A0C91BC942}") = "DXT", "..\xrDXT\DXT.vcxproj", "{EBF9B543-0830-4866-9B48-DC0740E87E8A}"
EndProject
Project("{8BC9CEB8-8B4A-11D0-8D11-00A0C91BC942}") = "xrLC", "..\xrLC\xrLC.vcxproj", "{A4ABD75E-825B-4D09-B3B2-2709682E40C8}"
EndProject
Project("{8BC9CEB8-8B4A-11D0-8D11-00A0C91BC942}") = "xrQSlim", "..\xrQSlim\xrQSlim.vcxproj", "{F1836CE2-59EF-4189-8B9C-D103A511CB27}"
EndProject
Project("{8BC9CEB8-8B4A-11D0-8D11-00A0C91BC942}") = "xrDO_Light", "..\xrLC\xrDO_Light\xrDO_Light.vcxproj", "{B730F54D-1199-481A-AAD0-5DB684E067C0}"
EndProject
Project("{8BC9CEB8-8B4A-11D0-8D11-00A0C91BC942}") = "xrAI", "..\xrAI\xrAI.vcxproj", "{EA5932F3-02FE-4AD3-89E8-7072DC465D25}"
EndProject
Project("{8BC9CEB8-8B4A-11D0-8D11-00A0C91BC942}") = "ETools", "..\ETools\ETools.vcxproj", "{65CBB9D0-FBC6-41A4-8316-F5E9B5D7FB33}"
EndProject
Project("{8BC9CEB8-8B4A-11D0-8D11-00A0C91BC942}") = "xrD3D9-Null", "xrGame\xrD3D9-Null\xrD3D9-Null.vcxproj", "{0899B131-F1D4-4876-9BA1-67AC821DB9E1}"
EndProject
Project("{8BC9CEB8-8B4A-11D0-8D11-00A0C91BC942}") = "xrGameSpy", "xrGame\xrGameSpy\xrGameSpy.vcxproj", "{5535F6B4-7AE6-4B66-8AEA-CC31C14D7AB7}"
EndProject
Project("{8BC9CEB8-8B4A-11D0-8D11-00A0C91BC942}") = "xrLUA_JIT", "..\xrLUA_JIT\xrLUA_JIT.vcxproj", "{9ACE5473-6D68-4B96-AC42-B39EABA0FE1F}"
EndProject
Project("{8BC9CEB8-8B4A-11D0-8D11-00A0C91BC942}") = "Stalker_net", "Stalker_Net\Stalker_net.vcxproj", "{AF9ACB0D-451A-4878-A04C-0B9E221CC705}"
EndProject
Project("{8BC9CEB8-8B4A-11D0-8D11-00A0C91BC942}") = "xrStatisticConvert", "xrStatisticConvert\xrStatisticConvert.vcxproj", "{2EA2CBBA-16BD-4B97-80B3-3F824CFBD4F1}"
EndProject
Project("{2150E333-8FDC-42A3-9474-1A3956D46DE8}") = "3rd party", "3rd party", "{A09CADE6-28B4-4A92-9798-BCFF791BA84C}"
EndProject
Project("{2150E333-8FDC-42A3-9474-1A3956D46DE8}") = "dedicated", "dedicated", "{E7D94F60-3384-42C2-AF18-F9145AB480C1}"
EndProject
Project("{2150E333-8FDC-42A3-9474-1A3956D46DE8}") = "utils", "utils", "{55C497A7-B30C-4CA8-944D-4EEBAAFDEFFA}"
EndProject
Project("{2150E333-8FDC-42A3-9474-1A3956D46DE8}") = "resources", "resources", "{2B4C1177-C8B3-460F-BF98-1021A9971603}"
EndProject
Project("{8BC9CEB8-8B4A-11D0-8D11-00A0C91BC942}") = "xrstalker", "..\resources\xrstalker.vcxproj", "{90F938A1-176A-4379-A3D1-DD516E8A6DC1}"
EndProject
Project("{2150E333-8FDC-42A3-9474-1A3956D46DE8}") = "bugtrap", "bugtrap", "{F80C6486-1ED7-439B-A332-6197C78B91A9}"
EndProject
Project("{8BC9CEB8-8B4A-11D0-8D11-00A0C91BC942}") = "zlib", "..\zlib\zlib.vcxproj", "{CA2604CA-A2AC-49A1-A468-8AB5A2E6CBC9}"
EndProject
Project("{8BC9CEB8-8B4A-11D0-8D11-00A0C91BC942}") = "minizip", "..\minizip\minizip.vcxproj", "{893279CB-0805-405F-B484-9BB728A18261}"
EndProject
Project("{8BC9CEB8-8B4A-11D0-8D11-00A0C91BC942}") = "BugTrap", "..\BugTrap\BugTrap.vcxproj", "{E8CF1ADA-264A-4127-86C2-FD7057D3792C}"
EndProject
Project("{8BC9CEB8-8B4A-11D0-8D11-00A0C91BC942}") = "scriptDbgIde", "xrScriptDbgIde\xrScriptDebudIde.vcxproj", "{2024BB4B-9C57-4EA7-B355-1FFF6FD5CE12}"
EndProject
Global
	GlobalSection(SolutionConfigurationPlatforms) = preSolution
		Debug_Dedicated|Win32 = Debug_Dedicated|Win32
		Debug|Win32 = Debug|Win32
		DebugNoExceptions|Win32 = DebugNoExceptions|Win32
		Mixed_Dedicated|Win32 = Mixed_Dedicated|Win32
		Mixed|Win32 = Mixed|Win32
		Release_Dedicated|Win32 = Release_Dedicated|Win32
		Release|Win32 = Release|Win32
		Template|Win32 = Template|Win32
	EndGlobalSection
	GlobalSection(ProjectConfigurationPlatforms) = postSolution
		{2578C6D8-660D-48AE-9322-7422F8664F06}.Debug_Dedicated|Win32.ActiveCfg = Debug_Dedicated|Win32
		{2578C6D8-660D-48AE-9322-7422F8664F06}.Debug_Dedicated|Win32.Build.0 = Debug_Dedicated|Win32
		{2578C6D8-660D-48AE-9322-7422F8664F06}.Debug|Win32.ActiveCfg = Debug|Win32
		{2578C6D8-660D-48AE-9322-7422F8664F06}.Debug|Win32.Build.0 = Debug|Win32
		{2578C6D8-660D-48AE-9322-7422F8664F06}.DebugNoExceptions|Win32.ActiveCfg = Debug|Win32
		{2578C6D8-660D-48AE-9322-7422F8664F06}.Mixed_Dedicated|Win32.ActiveCfg = Mixed_Dedicated|Win32
		{2578C6D8-660D-48AE-9322-7422F8664F06}.Mixed_Dedicated|Win32.Build.0 = Mixed_Dedicated|Win32
		{2578C6D8-660D-48AE-9322-7422F8664F06}.Mixed|Win32.ActiveCfg = Mixed|Win32
		{2578C6D8-660D-48AE-9322-7422F8664F06}.Mixed|Win32.Build.0 = Mixed|Win32
		{2578C6D8-660D-48AE-9322-7422F8664F06}.Release_Dedicated|Win32.ActiveCfg = Release_Dedicated|Win32
		{2578C6D8-660D-48AE-9322-7422F8664F06}.Release_Dedicated|Win32.Build.0 = Release_Dedicated|Win32
		{2578C6D8-660D-48AE-9322-7422F8664F06}.Release|Win32.ActiveCfg = Release|Win32
		{2578C6D8-660D-48AE-9322-7422F8664F06}.Release|Win32.Build.0 = Release|Win32
		{2578C6D8-660D-48AE-9322-7422F8664F06}.Template|Win32.ActiveCfg = Template|Win32
		{2578C6D8-660D-48AE-9322-7422F8664F06}.Template|Win32.Build.0 = Template|Win32
		{CA0649DD-D089-423A-981C-46B57A884EB9}.Debug_Dedicated|Win32.ActiveCfg = Debug|Win32
		{CA0649DD-D089-423A-981C-46B57A884EB9}.Debug|Win32.ActiveCfg = Debug|Win32
		{CA0649DD-D089-423A-981C-46B57A884EB9}.Debug|Win32.Build.0 = Debug|Win32
		{CA0649DD-D089-423A-981C-46B57A884EB9}.DebugNoExceptions|Win32.ActiveCfg = Debug|Win32
		{CA0649DD-D089-423A-981C-46B57A884EB9}.Mixed_Dedicated|Win32.ActiveCfg = Mixed|Win32
		{CA0649DD-D089-423A-981C-46B57A884EB9}.Mixed|Win32.ActiveCfg = Mixed|Win32
		{CA0649DD-D089-423A-981C-46B57A884EB9}.Mixed|Win32.Build.0 = Mixed|Win32
		{CA0649DD-D089-423A-981C-46B57A884EB9}.Release_Dedicated|Win32.ActiveCfg = Release|Win32
		{CA0649DD-D089-423A-981C-46B57A884EB9}.Release|Win32.ActiveCfg = Release|Win32
		{CA0649DD-D089-423A-981C-46B57A884EB9}.Release|Win32.Build.0 = Release|Win32
		{CA0649DD-D089-423A-981C-46B57A884EB9}.Template|Win32.ActiveCfg = Template|Win32
		{CA0649DD-D089-423A-981C-46B57A884EB9}.Template|Win32.Build.0 = Template|Win32
		{A15B9EF4-D198-45DE-8836-C736D09FF389}.Debug_Dedicated|Win32.ActiveCfg = Debug|Win32
		{A15B9EF4-D198-45DE-8836-C736D09FF389}.Debug|Win32.ActiveCfg = Debug|Win32
		{A15B9EF4-D198-45DE-8836-C736D09FF389}.DebugNoExceptions|Win32.ActiveCfg = DebugNoExceptions|Win32
		{A15B9EF4-D198-45DE-8836-C736D09FF389}.Mixed_Dedicated|Win32.ActiveCfg = Mixed|Win32
		{A15B9EF4-D198-45DE-8836-C736D09FF389}.Mixed|Win32.ActiveCfg = Mixed|Win32
		{A15B9EF4-D198-45DE-8836-C736D09FF389}.Release_Dedicated|Win32.ActiveCfg = Release|Win32
		{A15B9EF4-D198-45DE-8836-C736D09FF389}.Release|Win32.ActiveCfg = Release|Win32
		{A15B9EF4-D198-45DE-8836-C736D09FF389}.Template|Win32.ActiveCfg = Template|Win32
		{A15B9EF4-D198-45DE-8836-C736D09FF389}.Template|Win32.Build.0 = Template|Win32
		{CCCA7859-EB86-493E-9B53-C4235F45B3C5}.Debug_Dedicated|Win32.ActiveCfg = Debug|Win32
		{CCCA7859-EB86-493E-9B53-C4235F45B3C5}.Debug|Win32.ActiveCfg = Debug|Win32
		{CCCA7859-EB86-493E-9B53-C4235F45B3C5}.Debug|Win32.Build.0 = Debug|Win32
		{CCCA7859-EB86-493E-9B53-C4235F45B3C5}.DebugNoExceptions|Win32.ActiveCfg = Debug|Win32
		{CCCA7859-EB86-493E-9B53-C4235F45B3C5}.Mixed_Dedicated|Win32.ActiveCfg = Mixed|Win32
		{CCCA7859-EB86-493E-9B53-C4235F45B3C5}.Mixed|Win32.ActiveCfg = Mixed|Win32
		{CCCA7859-EB86-493E-9B53-C4235F45B3C5}.Mixed|Win32.Build.0 = Mixed|Win32
		{CCCA7859-EB86-493E-9B53-C4235F45B3C5}.Release_Dedicated|Win32.ActiveCfg = Release|Win32
		{CCCA7859-EB86-493E-9B53-C4235F45B3C5}.Release|Win32.ActiveCfg = Release|Win32
		{CCCA7859-EB86-493E-9B53-C4235F45B3C5}.Release|Win32.Build.0 = Release|Win32
		{CCCA7859-EB86-493E-9B53-C4235F45B3C5}.Template|Win32.ActiveCfg = Template|Win32
		{CCCA7859-EB86-493E-9B53-C4235F45B3C5}.Template|Win32.Build.0 = Template|Win32
		{A0F7D1FB-59A7-4717-A7E4-96F37E91998E}.Debug_Dedicated|Win32.ActiveCfg = Debug|Win32
		{A0F7D1FB-59A7-4717-A7E4-96F37E91998E}.Debug|Win32.ActiveCfg = Debug|Win32
		{A0F7D1FB-59A7-4717-A7E4-96F37E91998E}.Debug|Win32.Build.0 = Debug|Win32
		{A0F7D1FB-59A7-4717-A7E4-96F37E91998E}.DebugNoExceptions|Win32.ActiveCfg = Debug|Win32
		{A0F7D1FB-59A7-4717-A7E4-96F37E91998E}.Mixed_Dedicated|Win32.ActiveCfg = Mixed|Win32
		{A0F7D1FB-59A7-4717-A7E4-96F37E91998E}.Mixed|Win32.ActiveCfg = Mixed|Win32
		{A0F7D1FB-59A7-4717-A7E4-96F37E91998E}.Mixed|Win32.Build.0 = Mixed|Win32
		{A0F7D1FB-59A7-4717-A7E4-96F37E91998E}.Release_Dedicated|Win32.ActiveCfg = Release|Win32
		{A0F7D1FB-59A7-4717-A7E4-96F37E91998E}.Release|Win32.ActiveCfg = Release|Win32
		{A0F7D1FB-59A7-4717-A7E4-96F37E91998E}.Release|Win32.Build.0 = Release|Win32
		{A0F7D1FB-59A7-4717-A7E4-96F37E91998E}.Template|Win32.ActiveCfg = Template|Win32
		{A0F7D1FB-59A7-4717-A7E4-96F37E91998E}.Template|Win32.Build.0 = Template|Win32
		{A19B1DF2-82EC-4364-8BDF-85D13A1C89B5}.Debug_Dedicated|Win32.ActiveCfg = Debug|Win32
		{A19B1DF2-82EC-4364-8BDF-85D13A1C89B5}.Debug|Win32.ActiveCfg = Debug|Win32
		{A19B1DF2-82EC-4364-8BDF-85D13A1C89B5}.Debug|Win32.Build.0 = Debug|Win32
		{A19B1DF2-82EC-4364-8BDF-85D13A1C89B5}.DebugNoExceptions|Win32.ActiveCfg = Debug|Win32
		{A19B1DF2-82EC-4364-8BDF-85D13A1C89B5}.Mixed_Dedicated|Win32.ActiveCfg = Mixed|Win32
		{A19B1DF2-82EC-4364-8BDF-85D13A1C89B5}.Mixed|Win32.ActiveCfg = Mixed|Win32
		{A19B1DF2-82EC-4364-8BDF-85D13A1C89B5}.Mixed|Win32.Build.0 = Mixed|Win32
		{A19B1DF2-82EC-4364-8BDF-85D13A1C89B5}.Release_Dedicated|Win32.ActiveCfg = Release|Win32
		{A19B1DF2-82EC-4364-8BDF-85D13A1C89B5}.Release|Win32.ActiveCfg = Release|Win32
		{A19B1DF2-82EC-4364-8BDF-85D13A1C89B5}.Release|Win32.Build.0 = Release|Win32
		{A19B1DF2-82EC-4364-8BDF-85D13A1C89B5}.Template|Win32.ActiveCfg = Template|Win32
		{A19B1DF2-82EC-4364-8BDF-85D13A1C89B5}.Template|Win32.Build.0 = Template|Win32
		{57A498C9-A741-4DDF-8EFC-BFB9EB6B00E2}.Debug_Dedicated|Win32.ActiveCfg = Debug|Win32
		{57A498C9-A741-4DDF-8EFC-BFB9EB6B00E2}.Debug|Win32.ActiveCfg = Debug|Win32
		{57A498C9-A741-4DDF-8EFC-BFB9EB6B00E2}.Debug|Win32.Build.0 = Debug|Win32
		{57A498C9-A741-4DDF-8EFC-BFB9EB6B00E2}.DebugNoExceptions|Win32.ActiveCfg = DebugNoExceptions|Win32
		{57A498C9-A741-4DDF-8EFC-BFB9EB6B00E2}.DebugNoExceptions|Win32.Build.0 = DebugNoExceptions|Win32
		{57A498C9-A741-4DDF-8EFC-BFB9EB6B00E2}.Mixed_Dedicated|Win32.ActiveCfg = Mixed|Win32
		{57A498C9-A741-4DDF-8EFC-BFB9EB6B00E2}.Mixed|Win32.ActiveCfg = Mixed|Win32
		{57A498C9-A741-4DDF-8EFC-BFB9EB6B00E2}.Mixed|Win32.Build.0 = Mixed|Win32
		{57A498C9-A741-4DDF-8EFC-BFB9EB6B00E2}.Release_Dedicated|Win32.ActiveCfg = Release|Win32
		{57A498C9-A741-4DDF-8EFC-BFB9EB6B00E2}.Release|Win32.ActiveCfg = Release|Win32
		{57A498C9-A741-4DDF-8EFC-BFB9EB6B00E2}.Release|Win32.Build.0 = Release|Win32
		{57A498C9-A741-4DDF-8EFC-BFB9EB6B00E2}.Template|Win32.ActiveCfg = Template|Win32
		{57A498C9-A741-4DDF-8EFC-BFB9EB6B00E2}.Template|Win32.Build.0 = Template|Win32
		{963BA4E5-499A-454D-B002-1D5ECE0527A6}.Debug_Dedicated|Win32.ActiveCfg = Debug|Win32
		{963BA4E5-499A-454D-B002-1D5ECE0527A6}.Debug|Win32.ActiveCfg = Debug|Win32
		{963BA4E5-499A-454D-B002-1D5ECE0527A6}.Debug|Win32.Build.0 = Debug|Win32
		{963BA4E5-499A-454D-B002-1D5ECE0527A6}.DebugNoExceptions|Win32.ActiveCfg = Debug|Win32
		{963BA4E5-499A-454D-B002-1D5ECE0527A6}.Mixed_Dedicated|Win32.ActiveCfg = Mixed|Win32
		{963BA4E5-499A-454D-B002-1D5ECE0527A6}.Mixed|Win32.ActiveCfg = Mixed|Win32
		{963BA4E5-499A-454D-B002-1D5ECE0527A6}.Mixed|Win32.Build.0 = Mixed|Win32
		{963BA4E5-499A-454D-B002-1D5ECE0527A6}.Release_Dedicated|Win32.ActiveCfg = Release|Win32
		{963BA4E5-499A-454D-B002-1D5ECE0527A6}.Release|Win32.ActiveCfg = Release|Win32
		{963BA4E5-499A-454D-B002-1D5ECE0527A6}.Release|Win32.Build.0 = Release|Win32
		{963BA4E5-499A-454D-B002-1D5ECE0527A6}.Template|Win32.ActiveCfg = Release|Win32
		{963BA4E5-499A-454D-B002-1D5ECE0527A6}.Template|Win32.Build.0 = Release|Win32
		{94A1C366-3D19-48E6-8170-4ADC2E70DF98}.Debug_Dedicated|Win32.ActiveCfg = Debug|Win32
		{94A1C366-3D19-48E6-8170-4ADC2E70DF98}.Debug|Win32.ActiveCfg = Debug|Win32
		{94A1C366-3D19-48E6-8170-4ADC2E70DF98}.Debug|Win32.Build.0 = Debug|Win32
		{94A1C366-3D19-48E6-8170-4ADC2E70DF98}.DebugNoExceptions|Win32.ActiveCfg = Debug|Win32
		{94A1C366-3D19-48E6-8170-4ADC2E70DF98}.Mixed_Dedicated|Win32.ActiveCfg = Mixed|Win32
		{94A1C366-3D19-48E6-8170-4ADC2E70DF98}.Mixed|Win32.ActiveCfg = Mixed|Win32
		{94A1C366-3D19-48E6-8170-4ADC2E70DF98}.Mixed|Win32.Build.0 = Mixed|Win32
		{94A1C366-3D19-48E6-8170-4ADC2E70DF98}.Release_Dedicated|Win32.ActiveCfg = Release|Win32
		{94A1C366-3D19-48E6-8170-4ADC2E70DF98}.Release|Win32.ActiveCfg = Release|Win32
		{94A1C366-3D19-48E6-8170-4ADC2E70DF98}.Release|Win32.Build.0 = Release|Win32
		{94A1C366-3D19-48E6-8170-4ADC2E70DF98}.Template|Win32.ActiveCfg = Template|Win32
		{94A1C366-3D19-48E6-8170-4ADC2E70DF98}.Template|Win32.Build.0 = Template|Win32
		{1BF75FEB-87DD-486C-880B-227987D191C2}.Debug_Dedicated|Win32.ActiveCfg = Debug|Win32
		{1BF75FEB-87DD-486C-880B-227987D191C2}.Debug|Win32.ActiveCfg = Debug|Win32
		{1BF75FEB-87DD-486C-880B-227987D191C2}.Debug|Win32.Build.0 = Debug|Win32
		{1BF75FEB-87DD-486C-880B-227987D191C2}.DebugNoExceptions|Win32.ActiveCfg = Debug|Win32
		{1BF75FEB-87DD-486C-880B-227987D191C2}.Mixed_Dedicated|Win32.ActiveCfg = Mixed|Win32
		{1BF75FEB-87DD-486C-880B-227987D191C2}.Mixed|Win32.ActiveCfg = Mixed|Win32
		{1BF75FEB-87DD-486C-880B-227987D191C2}.Mixed|Win32.Build.0 = Mixed|Win32
		{1BF75FEB-87DD-486C-880B-227987D191C2}.Release_Dedicated|Win32.ActiveCfg = Release|Win32
		{1BF75FEB-87DD-486C-880B-227987D191C2}.Release|Win32.ActiveCfg = Release|Win32
		{1BF75FEB-87DD-486C-880B-227987D191C2}.Release|Win32.Build.0 = Release|Win32
		{1BF75FEB-87DD-486C-880B-227987D191C2}.Template|Win32.ActiveCfg = Template|Win32
		{1BF75FEB-87DD-486C-880B-227987D191C2}.Template|Win32.Build.0 = Template|Win32
		{94A1C366-3D19-48E6-8170-4ADC2E70DF97}.Debug_Dedicated|Win32.ActiveCfg = Debug|Win32
		{94A1C366-3D19-48E6-8170-4ADC2E70DF97}.Debug|Win32.ActiveCfg = Debug|Win32
		{94A1C366-3D19-48E6-8170-4ADC2E70DF97}.Debug|Win32.Build.0 = Debug|Win32
		{94A1C366-3D19-48E6-8170-4ADC2E70DF97}.DebugNoExceptions|Win32.ActiveCfg = DebugNoExceptions|Win32
		{94A1C366-3D19-48E6-8170-4ADC2E70DF97}.DebugNoExceptions|Win32.Build.0 = DebugNoExceptions|Win32
		{94A1C366-3D19-48E6-8170-4ADC2E70DF97}.Mixed_Dedicated|Win32.ActiveCfg = Mixed|Win32
		{94A1C366-3D19-48E6-8170-4ADC2E70DF97}.Mixed|Win32.ActiveCfg = Mixed|Win32
		{94A1C366-3D19-48E6-8170-4ADC2E70DF97}.Mixed|Win32.Build.0 = Mixed|Win32
		{94A1C366-3D19-48E6-8170-4ADC2E70DF97}.Release_Dedicated|Win32.ActiveCfg = Release|Win32
		{94A1C366-3D19-48E6-8170-4ADC2E70DF97}.Release|Win32.ActiveCfg = Release|Win32
		{94A1C366-3D19-48E6-8170-4ADC2E70DF97}.Release|Win32.Build.0 = Release|Win32
		{94A1C366-3D19-48E6-8170-4ADC2E70DF97}.Template|Win32.ActiveCfg = Template|Win32
		{94A1C366-3D19-48E6-8170-4ADC2E70DF97}.Template|Win32.Build.0 = Template|Win32
		{435BAC9A-B225-457D-AB40-C9BD0CC8838C}.Debug_Dedicated|Win32.ActiveCfg = Debug|Win32
		{435BAC9A-B225-457D-AB40-C9BD0CC8838C}.Debug|Win32.ActiveCfg = Debug|Win32
		{435BAC9A-B225-457D-AB40-C9BD0CC8838C}.Debug|Win32.Build.0 = Debug|Win32
		{435BAC9A-B225-457D-AB40-C9BD0CC8838C}.DebugNoExceptions|Win32.ActiveCfg = Debug|Win32
		{435BAC9A-B225-457D-AB40-C9BD0CC8838C}.Mixed_Dedicated|Win32.ActiveCfg = Mixed|Win32
		{435BAC9A-B225-457D-AB40-C9BD0CC8838C}.Mixed|Win32.ActiveCfg = Mixed|Win32
		{435BAC9A-B225-457D-AB40-C9BD0CC8838C}.Mixed|Win32.Build.0 = Mixed|Win32
		{435BAC9A-B225-457D-AB40-C9BD0CC8838C}.Release_Dedicated|Win32.ActiveCfg = Release|Win32
		{435BAC9A-B225-457D-AB40-C9BD0CC8838C}.Release|Win32.ActiveCfg = Release|Win32
		{435BAC9A-B225-457D-AB40-C9BD0CC8838C}.Release|Win32.Build.0 = Release|Win32
		{435BAC9A-B225-457D-AB40-C9BD0CC8838C}.Template|Win32.ActiveCfg = Template|Win32
		{435BAC9A-B225-457D-AB40-C9BD0CC8838C}.Template|Win32.Build.0 = Template|Win32
		{3AD26FD3-4F52-4E22-A4CF-AD4C49E74C61}.Debug_Dedicated|Win32.ActiveCfg = Debug|Win32
		{3AD26FD3-4F52-4E22-A4CF-AD4C49E74C61}.Debug|Win32.ActiveCfg = Debug|Win32
		{3AD26FD3-4F52-4E22-A4CF-AD4C49E74C61}.Debug|Win32.Build.0 = Debug|Win32
		{3AD26FD3-4F52-4E22-A4CF-AD4C49E74C61}.DebugNoExceptions|Win32.ActiveCfg = Debug|Win32
		{3AD26FD3-4F52-4E22-A4CF-AD4C49E74C61}.Mixed_Dedicated|Win32.ActiveCfg = Mixed|Win32
		{3AD26FD3-4F52-4E22-A4CF-AD4C49E74C61}.Mixed|Win32.ActiveCfg = Mixed|Win32
		{3AD26FD3-4F52-4E22-A4CF-AD4C49E74C61}.Mixed|Win32.Build.0 = Mixed|Win32
		{3AD26FD3-4F52-4E22-A4CF-AD4C49E74C61}.Release_Dedicated|Win32.ActiveCfg = Release|Win32
		{3AD26FD3-4F52-4E22-A4CF-AD4C49E74C61}.Release|Win32.ActiveCfg = Release|Win32
		{3AD26FD3-4F52-4E22-A4CF-AD4C49E74C61}.Template|Win32.ActiveCfg = Release|Win32
		{3AD26FD3-4F52-4E22-A4CF-AD4C49E74C61}.Template|Win32.Build.0 = Release|Win32
		{EF76867B-6EB8-4DC0-A1D6-E964FAD6FC7B}.Debug_Dedicated|Win32.ActiveCfg = Debug|Win32
		{EF76867B-6EB8-4DC0-A1D6-E964FAD6FC7B}.Debug|Win32.ActiveCfg = Debug|Win32
		{EF76867B-6EB8-4DC0-A1D6-E964FAD6FC7B}.Debug|Win32.Build.0 = Debug|Win32
		{EF76867B-6EB8-4DC0-A1D6-E964FAD6FC7B}.DebugNoExceptions|Win32.ActiveCfg = Debug|Win32
		{EF76867B-6EB8-4DC0-A1D6-E964FAD6FC7B}.Mixed_Dedicated|Win32.ActiveCfg = Mixed|Win32
		{EF76867B-6EB8-4DC0-A1D6-E964FAD6FC7B}.Mixed|Win32.ActiveCfg = Mixed|Win32
		{EF76867B-6EB8-4DC0-A1D6-E964FAD6FC7B}.Mixed|Win32.Build.0 = Mixed|Win32
		{EF76867B-6EB8-4DC0-A1D6-E964FAD6FC7B}.Release_Dedicated|Win32.ActiveCfg = Release|Win32
		{EF76867B-6EB8-4DC0-A1D6-E964FAD6FC7B}.Release|Win32.ActiveCfg = Release|Win32
		{EF76867B-6EB8-4DC0-A1D6-E964FAD6FC7B}.Release|Win32.Build.0 = Release|Win32
		{EF76867B-6EB8-4DC0-A1D6-E964FAD6FC7B}.Template|Win32.ActiveCfg = Release|Win32
		{EF76867B-6EB8-4DC0-A1D6-E964FAD6FC7B}.Template|Win32.Build.0 = Release|Win32
		{EBF9B543-0830-4866-9B48-DC0740E87E8A}.Debug_Dedicated|Win32.ActiveCfg = Debug|Win32
		{EBF9B543-0830-4866-9B48-DC0740E87E8A}.Debug|Win32.ActiveCfg = Debug|Win32
		{EBF9B543-0830-4866-9B48-DC0740E87E8A}.Debug|Win32.Build.0 = Debug|Win32
		{EBF9B543-0830-4866-9B48-DC0740E87E8A}.DebugNoExceptions|Win32.ActiveCfg = Debug|Win32
		{EBF9B543-0830-4866-9B48-DC0740E87E8A}.DebugNoExceptions|Win32.Build.0 = Debug|Win32
		{EBF9B543-0830-4866-9B48-DC0740E87E8A}.Mixed_Dedicated|Win32.ActiveCfg = Release|Win32
		{EBF9B543-0830-4866-9B48-DC0740E87E8A}.Mixed|Win32.ActiveCfg = Mixed|Win32
		{EBF9B543-0830-4866-9B48-DC0740E87E8A}.Mixed|Win32.Build.0 = Mixed|Win32
		{EBF9B543-0830-4866-9B48-DC0740E87E8A}.Release_Dedicated|Win32.ActiveCfg = Release|Win32
		{EBF9B543-0830-4866-9B48-DC0740E87E8A}.Release|Win32.ActiveCfg = Release|Win32
		{EBF9B543-0830-4866-9B48-DC0740E87E8A}.Release|Win32.Build.0 = Release|Win32
		{EBF9B543-0830-4866-9B48-DC0740E87E8A}.Template|Win32.ActiveCfg = Release|Win32
		{EBF9B543-0830-4866-9B48-DC0740E87E8A}.Template|Win32.Build.0 = Release|Win32
		{A4ABD75E-825B-4D09-B3B2-2709682E40C8}.Debug_Dedicated|Win32.ActiveCfg = Debug|Win32
		{A4ABD75E-825B-4D09-B3B2-2709682E40C8}.Debug|Win32.ActiveCfg = Debug|Win32
		{A4ABD75E-825B-4D09-B3B2-2709682E40C8}.Debug|Win32.Build.0 = Debug|Win32
		{A4ABD75E-825B-4D09-B3B2-2709682E40C8}.DebugNoExceptions|Win32.ActiveCfg = Debug|Win32
		{A4ABD75E-825B-4D09-B3B2-2709682E40C8}.DebugNoExceptions|Win32.Build.0 = Debug|Win32
		{A4ABD75E-825B-4D09-B3B2-2709682E40C8}.Mixed_Dedicated|Win32.ActiveCfg = Mixed|Win32
		{A4ABD75E-825B-4D09-B3B2-2709682E40C8}.Mixed|Win32.ActiveCfg = Mixed|Win32
		{A4ABD75E-825B-4D09-B3B2-2709682E40C8}.Mixed|Win32.Build.0 = Mixed|Win32
		{A4ABD75E-825B-4D09-B3B2-2709682E40C8}.Release_Dedicated|Win32.ActiveCfg = Release|Win32
		{A4ABD75E-825B-4D09-B3B2-2709682E40C8}.Release|Win32.ActiveCfg = Release|Win32
		{A4ABD75E-825B-4D09-B3B2-2709682E40C8}.Template|Win32.ActiveCfg = Release|Win32
		{A4ABD75E-825B-4D09-B3B2-2709682E40C8}.Template|Win32.Build.0 = Release|Win32
		{F1836CE2-59EF-4189-8B9C-D103A511CB27}.Debug_Dedicated|Win32.ActiveCfg = Debug|Win32
		{F1836CE2-59EF-4189-8B9C-D103A511CB27}.Debug|Win32.ActiveCfg = Debug|Win32
		{F1836CE2-59EF-4189-8B9C-D103A511CB27}.Debug|Win32.Build.0 = Debug|Win32
		{F1836CE2-59EF-4189-8B9C-D103A511CB27}.DebugNoExceptions|Win32.ActiveCfg = Debug|Win32
		{F1836CE2-59EF-4189-8B9C-D103A511CB27}.DebugNoExceptions|Win32.Build.0 = Debug|Win32
		{F1836CE2-59EF-4189-8B9C-D103A511CB27}.Mixed_Dedicated|Win32.ActiveCfg = Mixed|Win32
		{F1836CE2-59EF-4189-8B9C-D103A511CB27}.Mixed|Win32.ActiveCfg = Debug|Win32
		{F1836CE2-59EF-4189-8B9C-D103A511CB27}.Mixed|Win32.Build.0 = Debug|Win32
		{F1836CE2-59EF-4189-8B9C-D103A511CB27}.Release_Dedicated|Win32.ActiveCfg = Release|Win32
		{F1836CE2-59EF-4189-8B9C-D103A511CB27}.Release|Win32.ActiveCfg = Release|Win32
		{F1836CE2-59EF-4189-8B9C-D103A511CB27}.Release|Win32.Build.0 = Release|Win32
		{F1836CE2-59EF-4189-8B9C-D103A511CB27}.Template|Win32.ActiveCfg = Release|Win32
		{F1836CE2-59EF-4189-8B9C-D103A511CB27}.Template|Win32.Build.0 = Release|Win32
		{B730F54D-1199-481A-AAD0-5DB684E067C0}.Debug_Dedicated|Win32.ActiveCfg = Debug|Win32
		{B730F54D-1199-481A-AAD0-5DB684E067C0}.Debug|Win32.ActiveCfg = Debug|Win32
		{B730F54D-1199-481A-AAD0-5DB684E067C0}.Debug|Win32.Build.0 = Debug|Win32
		{B730F54D-1199-481A-AAD0-5DB684E067C0}.DebugNoExceptions|Win32.ActiveCfg = Debug|Win32
		{B730F54D-1199-481A-AAD0-5DB684E067C0}.DebugNoExceptions|Win32.Build.0 = Debug|Win32
		{B730F54D-1199-481A-AAD0-5DB684E067C0}.Mixed_Dedicated|Win32.ActiveCfg = Mixed|Win32
		{B730F54D-1199-481A-AAD0-5DB684E067C0}.Mixed|Win32.ActiveCfg = Mixed|Win32
		{B730F54D-1199-481A-AAD0-5DB684E067C0}.Mixed|Win32.Build.0 = Mixed|Win32
		{B730F54D-1199-481A-AAD0-5DB684E067C0}.Release_Dedicated|Win32.ActiveCfg = Release|Win32
		{B730F54D-1199-481A-AAD0-5DB684E067C0}.Release|Win32.ActiveCfg = Release|Win32
		{B730F54D-1199-481A-AAD0-5DB684E067C0}.Release|Win32.Build.0 = Release|Win32
		{B730F54D-1199-481A-AAD0-5DB684E067C0}.Template|Win32.ActiveCfg = Release|Win32
		{B730F54D-1199-481A-AAD0-5DB684E067C0}.Template|Win32.Build.0 = Release|Win32
		{EA5932F3-02FE-4AD3-89E8-7072DC465D25}.Debug_Dedicated|Win32.ActiveCfg = Debug|Win32
		{EA5932F3-02FE-4AD3-89E8-7072DC465D25}.Debug|Win32.ActiveCfg = Debug|Win32
		{EA5932F3-02FE-4AD3-89E8-7072DC465D25}.Debug|Win32.Build.0 = Debug|Win32
		{EA5932F3-02FE-4AD3-89E8-7072DC465D25}.DebugNoExceptions|Win32.ActiveCfg = Debug|Win32
		{EA5932F3-02FE-4AD3-89E8-7072DC465D25}.DebugNoExceptions|Win32.Build.0 = Debug|Win32
		{EA5932F3-02FE-4AD3-89E8-7072DC465D25}.Mixed_Dedicated|Win32.ActiveCfg = Mixed|Win32
		{EA5932F3-02FE-4AD3-89E8-7072DC465D25}.Mixed|Win32.ActiveCfg = Mixed|Win32
		{EA5932F3-02FE-4AD3-89E8-7072DC465D25}.Mixed|Win32.Build.0 = Mixed|Win32
		{EA5932F3-02FE-4AD3-89E8-7072DC465D25}.Release_Dedicated|Win32.ActiveCfg = Release|Win32
		{EA5932F3-02FE-4AD3-89E8-7072DC465D25}.Release|Win32.ActiveCfg = Release|Win32
		{EA5932F3-02FE-4AD3-89E8-7072DC465D25}.Template|Win32.ActiveCfg = Template|Win32
		{EA5932F3-02FE-4AD3-89E8-7072DC465D25}.Template|Win32.Build.0 = Template|Win32
		{65CBB9D0-FBC6-41A4-8316-F5E9B5D7FB33}.Debug_Dedicated|Win32.ActiveCfg = Debug|Win32
		{65CBB9D0-FBC6-41A4-8316-F5E9B5D7FB33}.Debug|Win32.ActiveCfg = Debug|Win32
		{65CBB9D0-FBC6-41A4-8316-F5E9B5D7FB33}.Debug|Win32.Build.0 = Debug|Win32
		{65CBB9D0-FBC6-41A4-8316-F5E9B5D7FB33}.DebugNoExceptions|Win32.ActiveCfg = Debug|Win32
		{65CBB9D0-FBC6-41A4-8316-F5E9B5D7FB33}.DebugNoExceptions|Win32.Build.0 = Debug|Win32
		{65CBB9D0-FBC6-41A4-8316-F5E9B5D7FB33}.Mixed_Dedicated|Win32.ActiveCfg = Mixed|Win32
		{65CBB9D0-FBC6-41A4-8316-F5E9B5D7FB33}.Mixed|Win32.ActiveCfg = Mixed|Win32
		{65CBB9D0-FBC6-41A4-8316-F5E9B5D7FB33}.Mixed|Win32.Build.0 = Mixed|Win32
		{65CBB9D0-FBC6-41A4-8316-F5E9B5D7FB33}.Release_Dedicated|Win32.ActiveCfg = Release|Win32
		{65CBB9D0-FBC6-41A4-8316-F5E9B5D7FB33}.Release|Win32.ActiveCfg = Release|Win32
		{65CBB9D0-FBC6-41A4-8316-F5E9B5D7FB33}.Release|Win32.Build.0 = Release|Win32
		{65CBB9D0-FBC6-41A4-8316-F5E9B5D7FB33}.Template|Win32.ActiveCfg = Release|Win32
		{65CBB9D0-FBC6-41A4-8316-F5E9B5D7FB33}.Template|Win32.Build.0 = Release|Win32
		{0899B131-F1D4-4876-9BA1-67AC821DB9E1}.Debug_Dedicated|Win32.ActiveCfg = Debug|Win32
		{0899B131-F1D4-4876-9BA1-67AC821DB9E1}.Debug|Win32.ActiveCfg = Debug|Win32
		{0899B131-F1D4-4876-9BA1-67AC821DB9E1}.Debug|Win32.Build.0 = Debug|Win32
		{0899B131-F1D4-4876-9BA1-67AC821DB9E1}.DebugNoExceptions|Win32.ActiveCfg = Debug|Win32
		{0899B131-F1D4-4876-9BA1-67AC821DB9E1}.DebugNoExceptions|Win32.Build.0 = Debug|Win32
		{0899B131-F1D4-4876-9BA1-67AC821DB9E1}.Mixed_Dedicated|Win32.ActiveCfg = Release|Win32
		{0899B131-F1D4-4876-9BA1-67AC821DB9E1}.Mixed|Win32.ActiveCfg = Release|Win32
		{0899B131-F1D4-4876-9BA1-67AC821DB9E1}.Mixed|Win32.Build.0 = Release|Win32
		{0899B131-F1D4-4876-9BA1-67AC821DB9E1}.Release_Dedicated|Win32.ActiveCfg = Release|Win32
		{0899B131-F1D4-4876-9BA1-67AC821DB9E1}.Release|Win32.ActiveCfg = Release|Win32
		{0899B131-F1D4-4876-9BA1-67AC821DB9E1}.Release|Win32.Build.0 = Release|Win32
		{0899B131-F1D4-4876-9BA1-67AC821DB9E1}.Template|Win32.ActiveCfg = Release|Win32
		{0899B131-F1D4-4876-9BA1-67AC821DB9E1}.Template|Win32.Build.0 = Release|Win32
		{5535F6B4-7AE6-4B66-8AEA-CC31C14D7AB7}.Debug_Dedicated|Win32.ActiveCfg = Debug|Win32
		{5535F6B4-7AE6-4B66-8AEA-CC31C14D7AB7}.Debug|Win32.ActiveCfg = Debug|Win32
		{5535F6B4-7AE6-4B66-8AEA-CC31C14D7AB7}.Debug|Win32.Build.0 = Debug|Win32
		{5535F6B4-7AE6-4B66-8AEA-CC31C14D7AB7}.DebugNoExceptions|Win32.ActiveCfg = Debug|Win32
		{5535F6B4-7AE6-4B66-8AEA-CC31C14D7AB7}.DebugNoExceptions|Win32.Build.0 = Debug|Win32
		{5535F6B4-7AE6-4B66-8AEA-CC31C14D7AB7}.Mixed_Dedicated|Win32.ActiveCfg = Release|Win32
		{5535F6B4-7AE6-4B66-8AEA-CC31C14D7AB7}.Mixed|Win32.ActiveCfg = Release|Win32
		{5535F6B4-7AE6-4B66-8AEA-CC31C14D7AB7}.Mixed|Win32.Build.0 = Release|Win32
		{5535F6B4-7AE6-4B66-8AEA-CC31C14D7AB7}.Release_Dedicated|Win32.ActiveCfg = Release|Win32
		{5535F6B4-7AE6-4B66-8AEA-CC31C14D7AB7}.Release|Win32.ActiveCfg = Release|Win32
		{5535F6B4-7AE6-4B66-8AEA-CC31C14D7AB7}.Release|Win32.Build.0 = Release|Win32
		{5535F6B4-7AE6-4B66-8AEA-CC31C14D7AB7}.Template|Win32.ActiveCfg = Release|Win32
		{5535F6B4-7AE6-4B66-8AEA-CC31C14D7AB7}.Template|Win32.Build.0 = Release|Win32
		{9ACE5473-6D68-4B96-AC42-B39EABA0FE1F}.Debug_Dedicated|Win32.ActiveCfg = Debug|Win32
		{9ACE5473-6D68-4B96-AC42-B39EABA0FE1F}.Debug|Win32.ActiveCfg = Debug|Win32
		{9ACE5473-6D68-4B96-AC42-B39EABA0FE1F}.Debug|Win32.Build.0 = Debug|Win32
		{9ACE5473-6D68-4B96-AC42-B39EABA0FE1F}.DebugNoExceptions|Win32.ActiveCfg = Debug|Win32
		{9ACE5473-6D68-4B96-AC42-B39EABA0FE1F}.DebugNoExceptions|Win32.Build.0 = Debug|Win32
		{9ACE5473-6D68-4B96-AC42-B39EABA0FE1F}.Mixed_Dedicated|Win32.ActiveCfg = Mixed|Win32
		{9ACE5473-6D68-4B96-AC42-B39EABA0FE1F}.Mixed|Win32.ActiveCfg = Mixed|Win32
		{9ACE5473-6D68-4B96-AC42-B39EABA0FE1F}.Mixed|Win32.Build.0 = Mixed|Win32
		{9ACE5473-6D68-4B96-AC42-B39EABA0FE1F}.Release_Dedicated|Win32.ActiveCfg = Release|Win32
		{9ACE5473-6D68-4B96-AC42-B39EABA0FE1F}.Release|Win32.ActiveCfg = Release|Win32
		{9ACE5473-6D68-4B96-AC42-B39EABA0FE1F}.Release|Win32.Build.0 = Release|Win32
		{9ACE5473-6D68-4B96-AC42-B39EABA0FE1F}.Template|Win32.ActiveCfg = Release|Win32
		{9ACE5473-6D68-4B96-AC42-B39EABA0FE1F}.Template|Win32.Build.0 = Release|Win32
		{AF9ACB0D-451A-4878-A04C-0B9E221CC705}.Debug_Dedicated|Win32.ActiveCfg = Debug|Win32
		{AF9ACB0D-451A-4878-A04C-0B9E221CC705}.Debug|Win32.ActiveCfg = Debug|Win32
		{AF9ACB0D-451A-4878-A04C-0B9E221CC705}.Debug|Win32.Build.0 = Debug|Win32
		{AF9ACB0D-451A-4878-A04C-0B9E221CC705}.DebugNoExceptions|Win32.ActiveCfg = Debug|Win32
		{AF9ACB0D-451A-4878-A04C-0B9E221CC705}.DebugNoExceptions|Win32.Build.0 = Debug|Win32
		{AF9ACB0D-451A-4878-A04C-0B9E221CC705}.Mixed_Dedicated|Win32.ActiveCfg = Release|Win32
		{AF9ACB0D-451A-4878-A04C-0B9E221CC705}.Mixed|Win32.ActiveCfg = Release|Win32
		{AF9ACB0D-451A-4878-A04C-0B9E221CC705}.Mixed|Win32.Build.0 = Release|Win32
		{AF9ACB0D-451A-4878-A04C-0B9E221CC705}.Release_Dedicated|Win32.ActiveCfg = Release|Win32
		{AF9ACB0D-451A-4878-A04C-0B9E221CC705}.Release|Win32.ActiveCfg = Release|Win32
		{AF9ACB0D-451A-4878-A04C-0B9E221CC705}.Release|Win32.Build.0 = Release|Win32
		{AF9ACB0D-451A-4878-A04C-0B9E221CC705}.Template|Win32.ActiveCfg = Template|Win32
		{AF9ACB0D-451A-4878-A04C-0B9E221CC705}.Template|Win32.Build.0 = Template|Win32
		{2EA2CBBA-16BD-4B97-80B3-3F824CFBD4F1}.Debug_Dedicated|Win32.ActiveCfg = Debug|Win32
		{2EA2CBBA-16BD-4B97-80B3-3F824CFBD4F1}.Debug|Win32.ActiveCfg = Debug|Win32
		{2EA2CBBA-16BD-4B97-80B3-3F824CFBD4F1}.Debug|Win32.Build.0 = Debug|Win32
		{2EA2CBBA-16BD-4B97-80B3-3F824CFBD4F1}.DebugNoExceptions|Win32.ActiveCfg = Debug|Win32
		{2EA2CBBA-16BD-4B97-80B3-3F824CFBD4F1}.DebugNoExceptions|Win32.Build.0 = Debug|Win32
		{2EA2CBBA-16BD-4B97-80B3-3F824CFBD4F1}.Mixed_Dedicated|Win32.ActiveCfg = Release|Win32
		{2EA2CBBA-16BD-4B97-80B3-3F824CFBD4F1}.Mixed|Win32.ActiveCfg = Release|Win32
		{2EA2CBBA-16BD-4B97-80B3-3F824CFBD4F1}.Mixed|Win32.Build.0 = Release|Win32
		{2EA2CBBA-16BD-4B97-80B3-3F824CFBD4F1}.Release_Dedicated|Win32.ActiveCfg = Release|Win32
		{2EA2CBBA-16BD-4B97-80B3-3F824CFBD4F1}.Release|Win32.ActiveCfg = Release|Win32
		{2EA2CBBA-16BD-4B97-80B3-3F824CFBD4F1}.Release|Win32.Build.0 = Release|Win32
		{2EA2CBBA-16BD-4B97-80B3-3F824CFBD4F1}.Template|Win32.ActiveCfg = Release|Win32
		{2EA2CBBA-16BD-4B97-80B3-3F824CFBD4F1}.Template|Win32.Build.0 = Release|Win32
		{90F938A1-176A-4379-A3D1-DD516E8A6DC1}.Debug_Dedicated|Win32.ActiveCfg = Debug|Win32
		{90F938A1-176A-4379-A3D1-DD516E8A6DC1}.Debug_Dedicated|Win32.Build.0 = Debug|Win32
		{90F938A1-176A-4379-A3D1-DD516E8A6DC1}.Debug|Win32.ActiveCfg = Debug|Win32
		{90F938A1-176A-4379-A3D1-DD516E8A6DC1}.Debug|Win32.Build.0 = Debug|Win32
		{90F938A1-176A-4379-A3D1-DD516E8A6DC1}.DebugNoExceptions|Win32.ActiveCfg = Debug|Win32
		{90F938A1-176A-4379-A3D1-DD516E8A6DC1}.DebugNoExceptions|Win32.Build.0 = Debug|Win32
		{90F938A1-176A-4379-A3D1-DD516E8A6DC1}.Mixed_Dedicated|Win32.ActiveCfg = Release|Win32
		{90F938A1-176A-4379-A3D1-DD516E8A6DC1}.Mixed_Dedicated|Win32.Build.0 = Release|Win32
		{90F938A1-176A-4379-A3D1-DD516E8A6DC1}.Mixed|Win32.ActiveCfg = Release|Win32
		{90F938A1-176A-4379-A3D1-DD516E8A6DC1}.Mixed|Win32.Build.0 = Release|Win32
		{90F938A1-176A-4379-A3D1-DD516E8A6DC1}.Release_Dedicated|Win32.ActiveCfg = Release|Win32
		{90F938A1-176A-4379-A3D1-DD516E8A6DC1}.Release_Dedicated|Win32.Build.0 = Release|Win32
		{90F938A1-176A-4379-A3D1-DD516E8A6DC1}.Release|Win32.ActiveCfg = Release|Win32
		{90F938A1-176A-4379-A3D1-DD516E8A6DC1}.Release|Win32.Build.0 = Release|Win32
		{90F938A1-176A-4379-A3D1-DD516E8A6DC1}.Template|Win32.ActiveCfg = Release|Win32
		{90F938A1-176A-4379-A3D1-DD516E8A6DC1}.Template|Win32.Build.0 = Release|Win32
		{CA2604CA-A2AC-49A1-A468-8AB5A2E6CBC9}.Debug_Dedicated|Win32.ActiveCfg = Debug|Win32
		{CA2604CA-A2AC-49A1-A468-8AB5A2E6CBC9}.Debug_Dedicated|Win32.Build.0 = Debug|Win32
		{CA2604CA-A2AC-49A1-A468-8AB5A2E6CBC9}.Debug|Win32.ActiveCfg = Debug|Win32
		{CA2604CA-A2AC-49A1-A468-8AB5A2E6CBC9}.Debug|Win32.Build.0 = Debug|Win32
		{CA2604CA-A2AC-49A1-A468-8AB5A2E6CBC9}.DebugNoExceptions|Win32.ActiveCfg = Debug|Win32
		{CA2604CA-A2AC-49A1-A468-8AB5A2E6CBC9}.DebugNoExceptions|Win32.Build.0 = Debug|Win32
		{CA2604CA-A2AC-49A1-A468-8AB5A2E6CBC9}.Mixed_Dedicated|Win32.ActiveCfg = Release|Win32
		{CA2604CA-A2AC-49A1-A468-8AB5A2E6CBC9}.Mixed_Dedicated|Win32.Build.0 = Release|Win32
		{CA2604CA-A2AC-49A1-A468-8AB5A2E6CBC9}.Mixed|Win32.ActiveCfg = Release|Win32
		{CA2604CA-A2AC-49A1-A468-8AB5A2E6CBC9}.Mixed|Win32.Build.0 = Release|Win32
		{CA2604CA-A2AC-49A1-A468-8AB5A2E6CBC9}.Release_Dedicated|Win32.ActiveCfg = Release|Win32
		{CA2604CA-A2AC-49A1-A468-8AB5A2E6CBC9}.Release_Dedicated|Win32.Build.0 = Release|Win32
		{CA2604CA-A2AC-49A1-A468-8AB5A2E6CBC9}.Release|Win32.ActiveCfg = Release|Win32
		{CA2604CA-A2AC-49A1-A468-8AB5A2E6CBC9}.Release|Win32.Build.0 = Release|Win32
		{CA2604CA-A2AC-49A1-A468-8AB5A2E6CBC9}.Template|Win32.ActiveCfg = Release|Win32
		{CA2604CA-A2AC-49A1-A468-8AB5A2E6CBC9}.Template|Win32.Build.0 = Release|Win32
		{893279CB-0805-405F-B484-9BB728A18261}.Debug_Dedicated|Win32.ActiveCfg = Debug|Win32
		{893279CB-0805-405F-B484-9BB728A18261}.Debug_Dedicated|Win32.Build.0 = Debug|Win32
		{893279CB-0805-405F-B484-9BB728A18261}.Debug|Win32.ActiveCfg = Debug|Win32
		{893279CB-0805-405F-B484-9BB728A18261}.Debug|Win32.Build.0 = Debug|Win32
		{893279CB-0805-405F-B484-9BB728A18261}.DebugNoExceptions|Win32.ActiveCfg = Debug|Win32
		{893279CB-0805-405F-B484-9BB728A18261}.DebugNoExceptions|Win32.Build.0 = Debug|Win32
		{893279CB-0805-405F-B484-9BB728A18261}.Mixed_Dedicated|Win32.ActiveCfg = Release|Win32
		{893279CB-0805-405F-B484-9BB728A18261}.Mixed_Dedicated|Win32.Build.0 = Release|Win32
		{893279CB-0805-405F-B484-9BB728A18261}.Mixed|Win32.ActiveCfg = Release|Win32
		{893279CB-0805-405F-B484-9BB728A18261}.Mixed|Win32.Build.0 = Release|Win32
		{893279CB-0805-405F-B484-9BB728A18261}.Release_Dedicated|Win32.ActiveCfg = Release|Win32
		{893279CB-0805-405F-B484-9BB728A18261}.Release_Dedicated|Win32.Build.0 = Release|Win32
		{893279CB-0805-405F-B484-9BB728A18261}.Release|Win32.ActiveCfg = Release|Win32
		{893279CB-0805-405F-B484-9BB728A18261}.Release|Win32.Build.0 = Release|Win32
		{893279CB-0805-405F-B484-9BB728A18261}.Template|Win32.ActiveCfg = Release|Win32
		{893279CB-0805-405F-B484-9BB728A18261}.Template|Win32.Build.0 = Release|Win32
		{E8CF1ADA-264A-4127-86C2-FD7057D3792C}.Debug_Dedicated|Win32.ActiveCfg = Debug|Win32
		{E8CF1ADA-264A-4127-86C2-FD7057D3792C}.Debug_Dedicated|Win32.Build.0 = Debug|Win32
		{E8CF1ADA-264A-4127-86C2-FD7057D3792C}.Debug|Win32.ActiveCfg = Debug|Win32
		{E8CF1ADA-264A-4127-86C2-FD7057D3792C}.Debug|Win32.Build.0 = Debug|Win32
		{E8CF1ADA-264A-4127-86C2-FD7057D3792C}.DebugNoExceptions|Win32.ActiveCfg = Debug|Win32
		{E8CF1ADA-264A-4127-86C2-FD7057D3792C}.DebugNoExceptions|Win32.Build.0 = Debug|Win32
		{E8CF1ADA-264A-4127-86C2-FD7057D3792C}.Mixed_Dedicated|Win32.ActiveCfg = Release|Win32
		{E8CF1ADA-264A-4127-86C2-FD7057D3792C}.Mixed_Dedicated|Win32.Build.0 = Release|Win32
		{E8CF1ADA-264A-4127-86C2-FD7057D3792C}.Mixed|Win32.ActiveCfg = Release|Win32
		{E8CF1ADA-264A-4127-86C2-FD7057D3792C}.Mixed|Win32.Build.0 = Release|Win32
		{E8CF1ADA-264A-4127-86C2-FD7057D3792C}.Release_Dedicated|Win32.ActiveCfg = Release|Win32
		{E8CF1ADA-264A-4127-86C2-FD7057D3792C}.Release_Dedicated|Win32.Build.0 = Release|Win32
		{E8CF1ADA-264A-4127-86C2-FD7057D3792C}.Release|Win32.ActiveCfg = Release|Win32
		{E8CF1ADA-264A-4127-86C2-FD7057D3792C}.Release|Win32.Build.0 = Release|Win32
		{E8CF1ADA-264A-4127-86C2-FD7057D3792C}.Template|Win32.ActiveCfg = Release|Win32
		{E8CF1ADA-264A-4127-86C2-FD7057D3792C}.Template|Win32.Build.0 = Release|Win32
		{2024BB4B-9C57-4EA7-B355-1FFF6FD5CE12}.Debug_Dedicated|Win32.ActiveCfg = Debug|Win32
		{2024BB4B-9C57-4EA7-B355-1FFF6FD5CE12}.Debug|Win32.ActiveCfg = Debug|Win32
		{2024BB4B-9C57-4EA7-B355-1FFF6FD5CE12}.Debug|Win32.Build.0 = Debug|Win32
		{2024BB4B-9C57-4EA7-B355-1FFF6FD5CE12}.DebugNoExceptions|Win32.ActiveCfg = Debug|Win32
		{2024BB4B-9C57-4EA7-B355-1FFF6FD5CE12}.DebugNoExceptions|Win32.Build.0 = Debug|Win32
		{2024BB4B-9C57-4EA7-B355-1FFF6FD5CE12}.Mixed_Dedicated|Win32.ActiveCfg = Template|Win32
		{2024BB4B-9C57-4EA7-B355-1FFF6FD5CE12}.Mixed|Win32.ActiveCfg = Release|Win32
		{2024BB4B-9C57-4EA7-B355-1FFF6FD5CE12}.Mixed|Win32.Build.0 = Release|Win32
		{2024BB4B-9C57-4EA7-B355-1FFF6FD5CE12}.Release_Dedicated|Win32.ActiveCfg = Release|Win32
		{2024BB4B-9C57-4EA7-B355-1FFF6FD5CE12}.Release|Win32.ActiveCfg = Release|Win32
		{2024BB4B-9C57-4EA7-B355-1FFF6FD5CE12}.Release|Win32.Build.0 = Release|Win32
		{2024BB4B-9C57-4EA7-B355-1FFF6FD5CE12}.Template|Win32.ActiveCfg = Template|Win32
		{2024BB4B-9C57-4EA7-B355-1FFF6FD5CE12}.Template|Win32.Build.0 = Template|Win32
	EndGlobalSection
	GlobalSection(SolutionProperties) = preSolution
		HideSolutionNode = FALSE
	EndGlobalSection
	GlobalSection(NestedProjects) = preSolution
		{1BF75FEB-87DD-486C-880B-227987D191C2} = {A09CADE6-28B4-4A92-9798-BCFF791BA84C}
		{F80C6486-1ED7-439B-A332-6197C78B91A9} = {A09CADE6-28B4-4A92-9798-BCFF791BA84C}
		{EF76867B-6EB8-4DC0-A1D6-E964FAD6FC7B} = {55C497A7-B30C-4CA8-944D-4EEBAAFDEFFA}
		{EBF9B543-0830-4866-9B48-DC0740E87E8A} = {55C497A7-B30C-4CA8-944D-4EEBAAFDEFFA}
		{A4ABD75E-825B-4D09-B3B2-2709682E40C8} = {55C497A7-B30C-4CA8-944D-4EEBAAFDEFFA}
		{F1836CE2-59EF-4189-8B9C-D103A511CB27} = {55C497A7-B30C-4CA8-944D-4EEBAAFDEFFA}
		{B730F54D-1199-481A-AAD0-5DB684E067C0} = {55C497A7-B30C-4CA8-944D-4EEBAAFDEFFA}
		{EA5932F3-02FE-4AD3-89E8-7072DC465D25} = {55C497A7-B30C-4CA8-944D-4EEBAAFDEFFA}
		{65CBB9D0-FBC6-41A4-8316-F5E9B5D7FB33} = {55C497A7-B30C-4CA8-944D-4EEBAAFDEFFA}
		{AF9ACB0D-451A-4878-A04C-0B9E221CC705} = {55C497A7-B30C-4CA8-944D-4EEBAAFDEFFA}
		{2EA2CBBA-16BD-4B97-80B3-3F824CFBD4F1} = {55C497A7-B30C-4CA8-944D-4EEBAAFDEFFA}
		{3AD26FD3-4F52-4E22-A4CF-AD4C49E74C61} = {55C497A7-B30C-4CA8-944D-4EEBAAFDEFFA}
		{2024BB4B-9C57-4EA7-B355-1FFF6FD5CE12} = {55C497A7-B30C-4CA8-944D-4EEBAAFDEFFA}
		{0899B131-F1D4-4876-9BA1-67AC821DB9E1} = {E7D94F60-3384-42C2-AF18-F9145AB480C1}
		{90F938A1-176A-4379-A3D1-DD516E8A6DC1} = {2B4C1177-C8B3-460F-BF98-1021A9971603}
		{CA2604CA-A2AC-49A1-A468-8AB5A2E6CBC9} = {F80C6486-1ED7-439B-A332-6197C78B91A9}
		{893279CB-0805-405F-B484-9BB728A18261} = {F80C6486-1ED7-439B-A332-6197C78B91A9}
		{E8CF1ADA-264A-4127-86C2-FD7057D3792C} = {F80C6486-1ED7-439B-A332-6197C78B91A9}
	EndGlobalSection
	GlobalSection(DPCodeReviewSolutionGUID) = preSolution
		DPCodeReviewSolutionGUID = {00000000-0000-0000-0000-000000000000}
	EndGlobalSection
EndGlobal
